
Microsoft Visual Studio Solution File, Format Version 12.00
# Visual Studio Version 17
VisualStudioVersion = 17.0.31903.59
MinimumVisualStudioVersion = 10.0.40219.1
Project("{2150E333-8FDC-42A3-9474-1A3956D46DE8}") = "src", "src", "{827E0CD3-B72D-47B6-A68D-7590B98EB39B}"
EndProject
Project("{2150E333-8FDC-42A3-9474-1A3956D46DE8}") = "building-blocks", "building-blocks", "{C13E73B6-616D-3195-CD22-1E55A7D1F969}"
EndProject
Project("{FAE04EC0-301F-11D3-BF4B-00C04F79EFBC}") = "Core.Mensageria", "src\building-blocks\Core.Mensageria\Core.Mensageria.csproj", "{396BDFB7-346D-496B-B81A-87070FC4F1A4}"
EndProject
Project("{FAE04EC0-301F-11D3-BF4B-00C04F79EFBC}") = "Core.Dominio", "src\building-blocks\Core.Dominio\Core.Dominio.csproj", "{D97198DE-6855-4986-B317-0F26B72AD6E7}"
EndProject
Project("{2150E333-8FDC-42A3-9474-1A3956D46DE8}") = "services", "services", "{984BB9B3-3FA3-BE33-9484-CAC21695A33C}"
EndProject
Project("{FAE04EC0-301F-11D3-BF4B-00C04F79EFBC}") = "Lancamentos.API", "src\services\Lancamentos.API\Lancamentos.API.csproj", "{BCE797DF-046E-4146-925B-9D3D00271231}"
EndProject
Project("{FAE04EC0-301F-11D3-BF4B-00C04F79EFBC}") = "Consolidado.API", "src\services\Consolidado.API\Consolidado.API.csproj", "{483B9300-C26F-4C37-806B-60DC821275F9}"
EndProject
Project("{FAE04EC0-301F-11D3-BF4B-00C04F79EFBC}") = "Consolidado.Worker", "src\services\Consolidado.Worker\Consolidado.Worker.csproj", "{BFE03187-EC61-4547-A546-0F67523AFD70}"
EndProject
Project("{2150E333-8FDC-42A3-9474-1A3956D46DE8}") = "tests", "tests", "{0AB3BF05-4346-4AA6-1389-037BE0695223}"
EndProject
Project("{FAE04EC0-301F-11D3-BF4B-00C04F79EFBC}") = "Core.Dominio.Tests", "tests\unit\Core.Dominio.Tests\Core.Dominio.Tests.csproj", "{E771582F-7FD6-422D-959F-4C2AC70718CA}"
EndProject
Project("{FAE04EC0-301F-11D3-BF4B-00C04F79EFBC}") = "Lancamentos.API.Tests", "tests\unit\Lancamentos.API.Tests\Lancamentos.API.Tests.csproj", "{871A2854-7CE4-401D-9270-01208F82FA7B}"
EndProject
Project("{FAE04EC0-301F-11D3-BF4B-00C04F79EFBC}") = "Consolidado.API.Tests", "tests\unit\Consolidado.API.Tests\Consolidado.API.Tests.csproj", "{A2F37051-A4E5-4A06-AB33-AD7DBBACA16A}"
EndProject
Project("{FAE04EC0-301F-11D3-BF4B-00C04F79EFBC}") = "Consolidado.Worker.Tests", "tests\unit\Consolidado.Worker.Tests\Consolidado.Worker.Tests.csproj", "{C691C876-AD4A-496D-9A05-813288518072}"
EndProject
Project("{FAE04EC0-301F-11D3-BF4B-00C04F79EFBC}") = "Lancamentos.API.IntegrationTests", "tests\integration\Lancamentos.API.IntegrationTests\Lancamentos.API.IntegrationTests.csproj", "{21E24E37-1811-4759-9F91-BCC880C3FA55}"
EndProject
Project("{FAE04EC0-301F-11D3-BF4B-00C04F79EFBC}") = "Consolidado.API.IntegrationTests", "tests\integration\Consolidado.API.IntegrationTests\Consolidado.API.IntegrationTests.csproj", "{5B6D6E2F-E7FC-4ED0-A5BD-95C53C5BDDF4}"
EndProject
Project("{FAE04EC0-301F-11D3-BF4B-00C04F79EFBC}") = "Consolidado.Worker.IntegrationTests", "tests\integration\Consolidado.Worker.IntegrationTests\Consolidado.Worker.IntegrationTests.csproj", "{D3F8DA32-124F-46F9-ADF4-9EF9FD0FB604}"
EndProject
Global
	GlobalSection(SolutionConfigurationPlatforms) = preSolution
		Debug|Any CPU = Debug|Any CPU
		Debug|x64 = Debug|x64
		Debug|x86 = Debug|x86
		Release|Any CPU = Release|Any CPU
		Release|x64 = Release|x64
		Release|x86 = Release|x86
	EndGlobalSection
	GlobalSection(ProjectConfigurationPlatforms) = postSolution
		{396BDFB7-346D-496B-B81A-87070FC4F1A4}.Debug|Any CPU.ActiveCfg = Debug|Any CPU
		{396BDFB7-346D-496B-B81A-87070FC4F1A4}.Debug|Any CPU.Build.0 = Debug|Any CPU
		{396BDFB7-346D-496B-B81A-87070FC4F1A4}.Debug|x64.ActiveCfg = Debug|Any CPU
		{396BDFB7-346D-496B-B81A-87070FC4F1A4}.Debug|x64.Build.0 = Debug|Any CPU
		{396BDFB7-346D-496B-B81A-87070FC4F1A4}.Debug|x86.ActiveCfg = Debug|Any CPU
		{396BDFB7-346D-496B-B81A-87070FC4F1A4}.Debug|x86.Build.0 = Debug|Any CPU
		{396BDFB7-346D-496B-B81A-87070FC4F1A4}.Release|Any CPU.ActiveCfg = Release|Any CPU
		{396BDFB7-346D-496B-B81A-87070FC4F1A4}.Release|Any CPU.Build.0 = Release|Any CPU
		{396BDFB7-346D-496B-B81A-87070FC4F1A4}.Release|x64.ActiveCfg = Release|Any CPU
		{396BDFB7-346D-496B-B81A-87070FC4F1A4}.Release|x64.Build.0 = Release|Any CPU
		{396BDFB7-346D-496B-B81A-87070FC4F1A4}.Release|x86.ActiveCfg = Release|Any CPU
		{396BDFB7-346D-496B-B81A-87070FC4F1A4}.Release|x86.Build.0 = Release|Any CPU
		{D97198DE-6855-4986-B317-0F26B72AD6E7}.Debug|Any CPU.ActiveCfg = Debug|Any CPU
		{D97198DE-6855-4986-B317-0F26B72AD6E7}.Debug|Any CPU.Build.0 = Debug|Any CPU
		{D97198DE-6855-4986-B317-0F26B72AD6E7}.Debug|x64.ActiveCfg = Debug|Any CPU
		{D97198DE-6855-4986-B317-0F26B72AD6E7}.Debug|x64.Build.0 = Debug|Any CPU
		{D97198DE-6855-4986-B317-0F26B72AD6E7}.Debug|x86.ActiveCfg = Debug|Any CPU
		{D97198DE-6855-4986-B317-0F26B72AD6E7}.Debug|x86.Build.0 = Debug|Any CPU
		{D97198DE-6855-4986-B317-0F26B72AD6E7}.Release|Any CPU.ActiveCfg = Release|Any CPU
		{D97198DE-6855-4986-B317-0F26B72AD6E7}.Release|Any CPU.Build.0 = Release|Any CPU
		{D97198DE-6855-4986-B317-0F26B72AD6E7}.Release|x64.ActiveCfg = Release|Any CPU
		{D97198DE-6855-4986-B317-0F26B72AD6E7}.Release|x64.Build.0 = Release|Any CPU
		{D97198DE-6855-4986-B317-0F26B72AD6E7}.Release|x86.ActiveCfg = Release|Any CPU
		{D97198DE-6855-4986-B317-0F26B72AD6E7}.Release|x86.Build.0 = Release|Any CPU
		{BCE797DF-046E-4146-925B-9D3D00271231}.Debug|Any CPU.ActiveCfg = Debug|Any CPU
		{BCE797DF-046E-4146-925B-9D3D00271231}.Debug|Any CPU.Build.0 = Debug|Any CPU
		{BCE797DF-046E-4146-925B-9D3D00271231}.Debug|x64.ActiveCfg = Debug|Any CPU
		{BCE797DF-046E-4146-925B-9D3D00271231}.Debug|x64.Build.0 = Debug|Any CPU
		{BCE797DF-046E-4146-925B-9D3D00271231}.Debug|x86.ActiveCfg = Debug|Any CPU
		{BCE797DF-046E-4146-925B-9D3D00271231}.Debug|x86.Build.0 = Debug|Any CPU
		{BCE797DF-046E-4146-925B-9D3D00271231}.Release|Any CPU.ActiveCfg = Release|Any CPU
		{BCE797DF-046E-4146-925B-9D3D00271231}.Release|Any CPU.Build.0 = Release|Any CPU
		{BCE797DF-046E-4146-925B-9D3D00271231}.Release|x64.ActiveCfg = Release|Any CPU
		{BCE797DF-046E-4146-925B-9D3D00271231}.Release|x64.Build.0 = Release|Any CPU
		{BCE797DF-046E-4146-925B-9D3D00271231}.Release|x86.ActiveCfg = Release|Any CPU
		{BCE797DF-046E-4146-925B-9D3D00271231}.Release|x86.Build.0 = Release|Any CPU
		{483B9300-C26F-4C37-806B-60DC821275F9}.Debug|Any CPU.ActiveCfg = Debug|Any CPU
		{483B9300-C26F-4C37-806B-60DC821275F9}.Debug|Any CPU.Build.0 = Debug|Any CPU
		{483B9300-C26F-4C37-806B-60DC821275F9}.Debug|x64.ActiveCfg = Debug|Any CPU
		{483B9300-C26F-4C37-806B-60DC821275F9}.Debug|x64.Build.0 = Debug|Any CPU
		{483B9300-C26F-4C37-806B-60DC821275F9}.Debug|x86.ActiveCfg = Debug|Any CPU
		{483B9300-C26F-4C37-806B-60DC821275F9}.Debug|x86.Build.0 = Debug|Any CPU
		{483B9300-C26F-4C37-806B-60DC821275F9}.Release|Any CPU.ActiveCfg = Release|Any CPU
		{483B9300-C26F-4C37-806B-60DC821275F9}.Release|Any CPU.Build.0 = Release|Any CPU
		{483B9300-C26F-4C37-806B-60DC821275F9}.Release|x64.ActiveCfg = Release|Any CPU
		{483B9300-C26F-4C37-806B-60DC821275F9}.Release|x64.Build.0 = Release|Any CPU
		{483B9300-C26F-4C37-806B-60DC821275F9}.Release|x86.ActiveCfg = Release|Any CPU
		{483B9300-C26F-4C37-806B-60DC821275F9}.Release|x86.Build.0 = Release|Any CPU
		{BFE03187-EC61-4547-A546-0F67523AFD70}.Debug|Any CPU.ActiveCfg = Debug|Any CPU
		{BFE03187-EC61-4547-A546-0F67523AFD70}.Debug|Any CPU.Build.0 = Debug|Any CPU
		{BFE03187-EC61-4547-A546-0F67523AFD70}.Debug|x64.ActiveCfg = Debug|Any CPU
		{BFE03187-EC61-4547-A546-0F67523AFD70}.Debug|x64.Build.0 = Debug|Any CPU
		{BFE03187-EC61-4547-A546-0F67523AFD70}.Debug|x86.ActiveCfg = Debug|Any CPU
		{BFE03187-EC61-4547-A546-0F67523AFD70}.Debug|x86.Build.0 = Debug|Any CPU
		{BFE03187-EC61-4547-A546-0F67523AFD70}.Release|Any CPU.ActiveCfg = Release|Any CPU
		{BFE03187-EC61-4547-A546-0F67523AFD70}.Release|Any CPU.Build.0 = Release|Any CPU
		{BFE03187-EC61-4547-A546-0F67523AFD70}.Release|x64.ActiveCfg = Release|Any CPU
		{BFE03187-EC61-4547-A546-0F67523AFD70}.Release|x64.Build.0 = Release|Any CPU
		{BFE03187-EC61-4547-A546-0F67523AFD70}.Release|x86.ActiveCfg = Release|Any CPU
		{BFE03187-EC61-4547-A546-0F67523AFD70}.Release|x86.Build.0 = Release|Any CPU
		{E771582F-7FD6-422D-959F-4C2AC70718CA}.Debug|Any CPU.ActiveCfg = Debug|Any CPU
		{E771582F-7FD6-422D-959F-4C2AC70718CA}.Debug|Any CPU.Build.0 = Debug|Any CPU
		{E771582F-7FD6-422D-959F-4C2AC70718CA}.Debug|x64.ActiveCfg = Debug|Any CPU
		{E771582F-7FD6-422D-959F-4C2AC70718CA}.Debug|x64.Build.0 = Debug|Any CPU
		{E771582F-7FD6-422D-959F-4C2AC70718CA}.Debug|x86.ActiveCfg = Debug|Any CPU
		{E771582F-7FD6-422D-959F-4C2AC70718CA}.Debug|x86.Build.0 = Debug|Any CPU
		{E771582F-7FD6-422D-959F-4C2AC70718CA}.Release|Any CPU.ActiveCfg = Release|Any CPU
		{E771582F-7FD6-422D-959F-4C2AC70718CA}.Release|Any CPU.Build.0 = Release|Any CPU
		{E771582F-7FD6-422D-959F-4C2AC70718CA}.Release|x64.ActiveCfg = Release|Any CPU
		{E771582F-7FD6-422D-959F-4C2AC70718CA}.Release|x64.Build.0 = Release|Any CPU
		{E771582F-7FD6-422D-959F-4C2AC70718CA}.Release|x86.ActiveCfg = Release|Any CPU
		{E771582F-7FD6-422D-959F-4C2AC70718CA}.Release|x86.Build.0 = Release|Any CPU
		{871A2854-7CE4-401D-9270-01208F82FA7B}.Debug|Any CPU.ActiveCfg = Debug|Any CPU
		{871A2854-7CE4-401D-9270-01208F82FA7B}.Debug|Any CPU.Build.0 = Debug|Any CPU
		{871A2854-7CE4-401D-9270-01208F82FA7B}.Debug|x64.ActiveCfg = Debug|Any CPU
		{871A2854-7CE4-401D-9270-01208F82FA7B}.Debug|x64.Build.0 = Debug|Any CPU
		{871A2854-7CE4-401D-9270-01208F82FA7B}.Debug|x86.ActiveCfg = Debug|Any CPU
		{871A2854-7CE4-401D-9270-01208F82FA7B}.Debug|x86.Build.0 = Debug|Any CPU
		{871A2854-7CE4-401D-9270-01208F82FA7B}.Release|Any CPU.ActiveCfg = Release|Any CPU
		{871A2854-7CE4-401D-9270-01208F82FA7B}.Release|Any CPU.Build.0 = Release|Any CPU
		{871A2854-7CE4-401D-9270-01208F82FA7B}.Release|x64.ActiveCfg = Release|Any CPU
		{871A2854-7CE4-401D-9270-01208F82FA7B}.Release|x64.Build.0 = Release|Any CPU
		{871A2854-7CE4-401D-9270-01208F82FA7B}.Release|x86.ActiveCfg = Release|Any CPU
		{871A2854-7CE4-401D-9270-01208F82FA7B}.Release|x86.Build.0 = Release|Any CPU
		{A2F37051-A4E5-4A06-AB33-AD7DBBACA16A}.Debug|Any CPU.ActiveCfg = Debug|Any CPU
		{A2F37051-A4E5-4A06-AB33-AD7DBBACA16A}.Debug|Any CPU.Build.0 = Debug|Any CPU
		{A2F37051-A4E5-4A06-AB33-AD7DBBACA16A}.Debug|x64.ActiveCfg = Debug|Any CPU
		{A2F37051-A4E5-4A06-AB33-AD7DBBACA16A}.Debug|x64.Build.0 = Debug|Any CPU
		{A2F37051-A4E5-4A06-AB33-AD7DBBACA16A}.Debug|x86.ActiveCfg = Debug|Any CPU
		{A2F37051-A4E5-4A06-AB33-AD7DBBACA16A}.Debug|x86.Build.0 = Debug|Any CPU
		{A2F37051-A4E5-4A06-AB33-AD7DBBACA16A}.Release|Any CPU.ActiveCfg = Release|Any CPU
		{A2F37051-A4E5-4A06-AB33-AD7DBBACA16A}.Release|Any CPU.Build.0 = Release|Any CPU
		{A2F37051-A4E5-4A06-AB33-AD7DBBACA16A}.Release|x64.ActiveCfg = Release|Any CPU
		{A2F37051-A4E5-4A06-AB33-AD7DBBACA16A}.Release|x64.Build.0 = Release|Any CPU
		{A2F37051-A4E5-4A06-AB33-AD7DBBACA16A}.Release|x86.ActiveCfg = Release|Any CPU
		{A2F37051-A4E5-4A06-AB33-AD7DBBACA16A}.Release|x86.Build.0 = Release|Any CPU
		{C691C876-AD4A-496D-9A05-813288518072}.Debug|Any CPU.ActiveCfg = Debug|Any CPU
		{C691C876-AD4A-496D-9A05-813288518072}.Debug|Any CPU.Build.0 = Debug|Any CPU
		{C691C876-AD4A-496D-9A05-813288518072}.Debug|x64.ActiveCfg = Debug|Any CPU
		{C691C876-AD4A-496D-9A05-813288518072}.Debug|x64.Build.0 = Debug|Any CPU
		{C691C876-AD4A-496D-9A05-813288518072}.Debug|x86.ActiveCfg = Debug|Any CPU
		{C691C876-AD4A-496D-9A05-813288518072}.Debug|x86.Build.0 = Debug|Any CPU
		{C691C876-AD4A-496D-9A05-813288518072}.Release|Any CPU.ActiveCfg = Release|Any CPU
		{C691C876-AD4A-496D-9A05-813288518072}.Release|Any CPU.Build.0 = Release|Any CPU
		{C691C876-AD4A-496D-9A05-813288518072}.Release|x64.ActiveCfg = Release|Any CPU
		{C691C876-AD4A-496D-9A05-813288518072}.Release|x64.Build.0 = Release|Any CPU
		{C691C876-AD4A-496D-9A05-813288518072}.Release|x86.ActiveCfg = Release|Any CPU
		{C691C876-AD4A-496D-9A05-813288518072}.Release|x86.Build.0 = Release|Any CPU
		{21E24E37-1811-4759-9F91-BCC880C3FA55}.Debug|Any CPU.ActiveCfg = Debug|Any CPU
		{21E24E37-1811-4759-9F91-BCC880C3FA55}.Debug|Any CPU.Build.0 = Debug|Any CPU
		{21E24E37-1811-4759-9F91-BCC880C3FA55}.Debug|x64.ActiveCfg = Debug|Any CPU
		{21E24E37-1811-4759-9F91-BCC880C3FA55}.Debug|x64.Build.0 = Debug|Any CPU
		{21E24E37-1811-4759-9F91-BCC880C3FA55}.Debug|x86.ActiveCfg = Debug|Any CPU
		{21E24E37-1811-4759-9F91-BCC880C3FA55}.Debug|x86.Build.0 = Debug|Any CPU
		{21E24E37-1811-4759-9F91-BCC880C3FA55}.Release|Any CPU.ActiveCfg = Release|Any CPU
		{21E24E37-1811-4759-9F91-BCC880C3FA55}.Release|Any CPU.Build.0 = Release|Any CPU
		{21E24E37-1811-4759-9F91-BCC880C3FA55}.Release|x64.ActiveCfg = Release|Any CPU
		{21E24E37-1811-4759-9F91-BCC880C3FA55}.Release|x64.Build.0 = Release|Any CPU
		{21E24E37-1811-4759-9F91-BCC880C3FA55}.Release|x86.ActiveCfg = Release|Any CPU
		{21E24E37-1811-4759-9F91-BCC880C3FA55}.Release|x86.Build.0 = Release|Any CPU
		{5B6D6E2F-E7FC-4ED0-A5BD-95C53C5BDDF4}.Debug|Any CPU.ActiveCfg = Debug|Any CPU
		{5B6D6E2F-E7FC-4ED0-A5BD-95C53C5BDDF4}.Debug|Any CPU.Build.0 = Debug|Any CPU
		{5B6D6E2F-E7FC-4ED0-A5BD-95C53C5BDDF4}.Debug|x64.ActiveCfg = Debug|Any CPU
		{5B6D6E2F-E7FC-4ED0-A5BD-95C53C5BDDF4}.Debug|x64.Build.0 = Debug|Any CPU
		{5B6D6E2F-E7FC-4ED0-A5BD-95C53C5BDDF4}.Debug|x86.ActiveCfg = Debug|Any CPU
		{5B6D6E2F-E7FC-4ED0-A5BD-95C53C5BDDF4}.Debug|x86.Build.0 = Debug|Any CPU
		{5B6D6E2F-E7FC-4ED0-A5BD-95C53C5BDDF4}.Release|Any CPU.ActiveCfg = Release|Any CPU
		{5B6D6E2F-E7FC-4ED0-A5BD-95C53C5BDDF4}.Release|Any CPU.Build.0 = Release|Any CPU
		{5B6D6E2F-E7FC-4ED0-A5BD-95C53C5BDDF4}.Release|x64.ActiveCfg = Release|Any CPU
		{5B6D6E2F-E7FC-4ED0-A5BD-95C53C5BDDF4}.Release|x64.Build.0 = Release|Any CPU
		{5B6D6E2F-E7FC-4ED0-A5BD-95C53C5BDDF4}.Release|x86.ActiveCfg = Release|Any CPU
		{5B6D6E2F-E7FC-4ED0-A5BD-95C53C5BDDF4}.Release|x86.Build.0 = Release|Any CPU
		{D3F8DA32-124F-46F9-ADF4-9EF9FD0FB604}.Debug|Any CPU.ActiveCfg = Debug|Any CPU
		{D3F8DA32-124F-46F9-ADF4-9EF9FD0FB604}.Debug|Any CPU.Build.0 = Debug|Any CPU
		{D3F8DA32-124F-46F9-ADF4-9EF9FD0FB604}.Debug|x64.ActiveCfg = Debug|Any CPU
		{D3F8DA32-124F-46F9-ADF4-9EF9FD0FB604}.Debug|x64.Build.0 = Debug|Any CPU
		{D3F8DA32-124F-46F9-ADF4-9EF9FD0FB604}.Debug|x86.ActiveCfg = Debug|Any CPU
		{D3F8DA32-124F-46F9-ADF4-9EF9FD0FB604}.Debug|x86.Build.0 = Debug|Any CPU
		{D3F8DA32-124F-46F9-ADF4-9EF9FD0FB604}.Release|Any CPU.ActiveCfg = Release|Any CPU
		{D3F8DA32-124F-46F9-ADF4-9EF9FD0FB604}.Release|Any CPU.Build.0 = Release|Any CPU
		{D3F8DA32-124F-46F9-ADF4-9EF9FD0FB604}.Release|x64.ActiveCfg = Release|Any CPU
		{D3F8DA32-124F-46F9-ADF4-9EF9FD0FB604}.Release|x64.Build.0 = Release|Any CPU
		{D3F8DA32-124F-46F9-ADF4-9EF9FD0FB604}.Release|x86.ActiveCfg = Release|Any CPU
		{D3F8DA32-124F-46F9-ADF4-9EF9FD0FB604}.Release|x86.Build.0 = Release|Any CPU
	EndGlobalSection
	GlobalSection(SolutionProperties) = preSolution
		HideSolutionNode = FALSE
	EndGlobalSection
	GlobalSection(NestedProjects) = preSolution
		{C13E73B6-616D-3195-CD22-1E55A7D1F969} = {827E0CD3-B72D-47B6-A68D-7590B98EB39B}
		{396BDFB7-346D-496B-B81A-87070FC4F1A4} = {C13E73B6-616D-3195-CD22-1E55A7D1F969}
		{D97198DE-6855-4986-B317-0F26B72AD6E7} = {C13E73B6-616D-3195-CD22-1E55A7D1F969}
		{984BB9B3-3FA3-BE33-9484-CAC21695A33C} = {827E0CD3-B72D-47B6-A68D-7590B98EB39B}
		{BCE797DF-046E-4146-925B-9D3D00271231} = {984BB9B3-3FA3-BE33-9484-CAC21695A33C}
		{483B9300-C26F-4C37-806B-60DC821275F9} = {984BB9B3-3FA3-BE33-9484-CAC21695A33C}
		{BFE03187-EC61-4547-A546-0F67523AFD70} = {984BB9B3-3FA3-BE33-9484-CAC21695A33C}
		{E771582F-7FD6-422D-959F-4C2AC70718CA} = {0AB3BF05-4346-4AA6-1389-037BE0695223}
		{871A2854-7CE4-401D-9270-01208F82FA7B} = {0AB3BF05-4346-4AA6-1389-037BE0695223}
		{A2F37051-A4E5-4A06-AB33-AD7DBBACA16A} = {0AB3BF05-4346-4AA6-1389-037BE0695223}
		{C691C876-AD4A-496D-9A05-813288518072} = {0AB3BF05-4346-4AA6-1389-037BE0695223}
		{21E24E37-1811-4759-9F91-BCC880C3FA55} = {0AB3BF05-4346-4AA6-1389-037BE0695223}
		{5B6D6E2F-E7FC-4ED0-A5BD-95C53C5BDDF4} = {0AB3BF05-4346-4AA6-1389-037BE0695223}
		{D3F8DA32-124F-46F9-ADF4-9EF9FD0FB604} = {0AB3BF05-4346-4AA6-1389-037BE0695223}
	EndGlobalSection
EndGlobal
